
Microsoft Visual Studio Solution File, Format Version 12.00
# Visual Studio Version 17
VisualStudioVersion = 17.8.34330.188
MinimumVisualStudioVersion = 10.0.40219.1
Project("{FAE04EC0-301F-11D3-BF4B-00C04F79EFBC}") = "HR.PL", "HR.PL\HR.PL.csproj", "{13C8325A-C7F2-4128-815C-822131B0CEA2}"
EndProject
Project("{FAE04EC0-301F-11D3-BF4B-00C04F79EFBC}") = "HR.DAL", "HR.DAL\HR.DAL.csproj", "{F5EC9BAE-F11E-4D79-AB98-B2C86F16C7AA}"
EndProject
Project("{FAE04EC0-301F-11D3-BF4B-00C04F79EFBC}") = "HR.BLL", "HR.BLL\HR.BLL.csproj", "{9A82C08E-B8E5-415F-891B-F3FA07E130BE}"
EndProject
Global
	GlobalSection(SolutionConfigurationPlatforms) = preSolution
		Debug|Any CPU = Debug|Any CPU
		Release|Any CPU = Release|Any CPU
	EndGlobalSection
	GlobalSection(ProjectConfigurationPlatforms) = postSolution
		{13C8325A-C7F2-4128-815C-822131B0CEA2}.Debug|Any CPU.ActiveCfg = Debug|Any CPU
		{13C8325A-C7F2-4128-815C-822131B0CEA2}.Debug|Any CPU.Build.0 = Debug|Any CPU
		{13C8325A-C7F2-4128-815C-822131B0CEA2}.Release|Any CPU.ActiveCfg = Release|Any CPU
		{13C8325A-C7F2-4128-815C-822131B0CEA2}.Release|Any CPU.Build.0 = Release|Any CPU
		{F5EC9BAE-F11E-4D79-AB98-B2C86F16C7AA}.Debug|Any CPU.ActiveCfg = Debug|Any CPU
		{F5EC9BAE-F11E-4D79-AB98-B2C86F16C7AA}.Debug|Any CPU.Build.0 = Debug|Any CPU
		{F5EC9BAE-F11E-4D79-AB98-B2C86F16C7AA}.Release|Any CPU.ActiveCfg = Release|Any CPU
		{F5EC9BAE-F11E-4D79-AB98-B2C86F16C7AA}.Release|Any CPU.Build.0 = Release|Any CPU
		{9A82C08E-B8E5-415F-891B-F3FA07E130BE}.Debug|Any CPU.ActiveCfg = Debug|Any CPU
		{9A82C08E-B8E5-415F-891B-F3FA07E130BE}.Debug|Any CPU.Build.0 = Debug|Any CPU
		{9A82C08E-B8E5-415F-891B-F3FA07E130BE}.Release|Any CPU.ActiveCfg = Release|Any CPU
		{9A82C08E-B8E5-415F-891B-F3FA07E130BE}.Release|Any CPU.Build.0 = Release|Any CPU
	EndGlobalSection
	GlobalSection(SolutionProperties) = preSolution
		HideSolutionNode = FALSE
	EndGlobalSection
	GlobalSection(ExtensibilityGlobals) = postSolution
		SolutionGuid = {475C63CD-4F34-461D-B277-851B9D3C5E18}
	EndGlobalSection
EndGlobal
